
Microsoft Visual Studio Solution File, Format Version 12.00
# Visual Studio Version 17
VisualStudioVersion = 17.9.34622.214
MinimumVisualStudioVersion = 10.0.40219.1
Project("{FAE04EC0-301F-11D3-BF4B-00C04F79EFBC}") = "BulkyWeb", "BulkyWeb\BulkyWeb.csproj", "{88917407-63D6-4AD0-B279-0F632166E81C}"
EndProject
Global
	GlobalSection(SolutionConfigurationPlatforms) = preSolution
		Debug|Any CPU = Debug|Any CPU
		Release|Any CPU = Release|Any CPU
	EndGlobalSection
	GlobalSection(ProjectConfigurationPlatforms) = postSolution
		{88917407-63D6-4AD0-B279-0F632166E81C}.Debug|Any CPU.ActiveCfg = Debug|Any CPU
		{88917407-63D6-4AD0-B279-0F632166E81C}.Debug|Any CPU.Build.0 = Debug|Any CPU
		{88917407-63D6-4AD0-B279-0F632166E81C}.Release|Any CPU.ActiveCfg = Release|Any CPU
		{88917407-63D6-4AD0-B279-0F632166E81C}.Release|Any CPU.Build.0 = Release|Any CPU
	EndGlobalSection
	GlobalSection(SolutionProperties) = preSolution
		HideSolutionNode = FALSE
	EndGlobalSection
	GlobalSection(ExtensibilityGlobals) = postSolution
		SolutionGuid = {EF81A88B-BE8F-44A2-AEEB-18A405624AEE}
	EndGlobalSection
EndGlobal
